
Microsoft Visual Studio Solution File, Format Version 12.00
# Visual Studio Version 17
VisualStudioVersion = 17.7.34009.444
MinimumVisualStudioVersion = 10.0.40219.1
Project("{8BC9CEB8-8B4A-11D0-8D11-00A0C91BC942}") = "PrometheusCompiler", "PrometheusCompiler\PrometheusCompiler.vcxproj", "{4D3F7F4A-D734-4A46-8307-160989CF4F44}"
EndProject
Project("{8BC9CEB8-8B4A-11D0-8D11-00A0C91BC942}") = "PrometheusCompiler2", "PrometheusCompiler2\PrometheusCompiler2.vcxproj", "{6A4B0576-CA0E-4195-A6B8-343FA4334A29}"
EndProject
Project("{8BC9CEB8-8B4A-11D0-8D11-00A0C91BC942}") = "PrometheusCompiler3", "PrometheusCompiler3\PrometheusCompiler3.vcxproj", "{AE2318F1-CB02-412B-8280-A46AF8933A85}"
EndProject
Project("{8BC9CEB8-8B4A-11D0-8D11-00A0C91BC942}") = "PrometheusCompiler4", "PrometheusCompiler4\PrometheusCompiler4.vcxproj", "{7B233583-78A2-4A81-9999-95A07C1A6E4F}"
EndProject
Project("{8BC9CEB8-8B4A-11D0-8D11-00A0C91BC942}") = "PrometheusCompiler5", "PrometheusCompiler5\PrometheusCompiler5.vcxproj", "{FBD1CE53-C004-4979-93F6-EEA5BEDE621A}"
EndProject
Project("{8BC9CEB8-8B4A-11D0-8D11-00A0C91BC942}") = "PrometheusParser", "PrometheusParser\PrometheusParser.vcxproj", "{BFFDC07E-07AF-414C-8D0B-6C47055DC790}"
EndProject
Global
	GlobalSection(SolutionConfigurationPlatforms) = preSolution
		Debug|x64 = Debug|x64
		Debug|x86 = Debug|x86
		Release|x64 = Release|x64
		Release|x86 = Release|x86
	EndGlobalSection
	GlobalSection(ProjectConfigurationPlatforms) = postSolution
		{4D3F7F4A-D734-4A46-8307-160989CF4F44}.Debug|x64.ActiveCfg = Debug|x64
		{4D3F7F4A-D734-4A46-8307-160989CF4F44}.Debug|x64.Build.0 = Debug|x64
		{4D3F7F4A-D734-4A46-8307-160989CF4F44}.Debug|x86.ActiveCfg = Debug|Win32
		{4D3F7F4A-D734-4A46-8307-160989CF4F44}.Debug|x86.Build.0 = Debug|Win32
		{4D3F7F4A-D734-4A46-8307-160989CF4F44}.Release|x64.ActiveCfg = Release|x64
		{4D3F7F4A-D734-4A46-8307-160989CF4F44}.Release|x64.Build.0 = Release|x64
		{4D3F7F4A-D734-4A46-8307-160989CF4F44}.Release|x86.ActiveCfg = Release|Win32
		{4D3F7F4A-D734-4A46-8307-160989CF4F44}.Release|x86.Build.0 = Release|Win32
		{6A4B0576-CA0E-4195-A6B8-343FA4334A29}.Debug|x64.ActiveCfg = Debug|x64
		{6A4B0576-CA0E-4195-A6B8-343FA4334A29}.Debug|x64.Build.0 = Debug|x64
		{6A4B0576-CA0E-4195-A6B8-343FA4334A29}.Debug|x86.ActiveCfg = Debug|Win32
		{6A4B0576-CA0E-4195-A6B8-343FA4334A29}.Debug|x86.Build.0 = Debug|Win32
		{6A4B0576-CA0E-4195-A6B8-343FA4334A29}.Release|x64.ActiveCfg = Release|x64
		{6A4B0576-CA0E-4195-A6B8-343FA4334A29}.Release|x64.Build.0 = Release|x64
		{6A4B0576-CA0E-4195-A6B8-343FA4334A29}.Release|x86.ActiveCfg = Release|Win32
		{6A4B0576-CA0E-4195-A6B8-343FA4334A29}.Release|x86.Build.0 = Release|Win32
		{AE2318F1-CB02-412B-8280-A46AF8933A85}.Debug|x64.ActiveCfg = Debug|x64
		{AE2318F1-CB02-412B-8280-A46AF8933A85}.Debug|x64.Build.0 = Debug|x64
		{AE2318F1-CB02-412B-8280-A46AF8933A85}.Debug|x86.ActiveCfg = Debug|Win32
		{AE2318F1-CB02-412B-8280-A46AF8933A85}.Debug|x86.Build.0 = Debug|Win32
		{AE2318F1-CB02-412B-8280-A46AF8933A85}.Release|x64.ActiveCfg = Release|x64
		{AE2318F1-CB02-412B-8280-A46AF8933A85}.Release|x64.Build.0 = Release|x64
		{AE2318F1-CB02-412B-8280-A46AF8933A85}.Release|x86.ActiveCfg = Release|Win32
		{AE2318F1-CB02-412B-8280-A46AF8933A85}.Release|x86.Build.0 = Release|Win32
		{7B233583-78A2-4A81-9999-95A07C1A6E4F}.Debug|x64.ActiveCfg = Debug|x64
		{7B233583-78A2-4A81-9999-95A07C1A6E4F}.Debug|x64.Build.0 = Debug|x64
		{7B233583-78A2-4A81-9999-95A07C1A6E4F}.Debug|x86.ActiveCfg = Debug|Win32
		{7B233583-78A2-4A81-9999-95A07C1A6E4F}.Debug|x86.Build.0 = Debug|Win32
		{7B233583-78A2-4A81-9999-95A07C1A6E4F}.Release|x64.ActiveCfg = Release|x64
		{7B233583-78A2-4A81-9999-95A07C1A6E4F}.Release|x64.Build.0 = Release|x64
		{7B233583-78A2-4A81-9999-95A07C1A6E4F}.Release|x86.ActiveCfg = Release|Win32
		{7B233583-78A2-4A81-9999-95A07C1A6E4F}.Release|x86.Build.0 = Release|Win32
		{FBD1CE53-C004-4979-93F6-EEA5BEDE621A}.Debug|x64.ActiveCfg = Debug|x64
		{FBD1CE53-C004-4979-93F6-EEA5BEDE621A}.Debug|x64.Build.0 = Debug|x64
		{FBD1CE53-C004-4979-93F6-EEA5BEDE621A}.Debug|x86.ActiveCfg = Debug|Win32
		{FBD1CE53-C004-4979-93F6-EEA5BEDE621A}.Debug|x86.Build.0 = Debug|Win32
		{FBD1CE53-C004-4979-93F6-EEA5BEDE621A}.Release|x64.ActiveCfg = Release|x64
		{FBD1CE53-C004-4979-93F6-EEA5BEDE621A}.Release|x64.Build.0 = Release|x64
		{FBD1CE53-C004-4979-93F6-EEA5BEDE621A}.Release|x86.ActiveCfg = Release|Win32
		{FBD1CE53-C004-4979-93F6-EEA5BEDE621A}.Release|x86.Build.0 = Release|Win32
		{BFFDC07E-07AF-414C-8D0B-6C47055DC790}.Debug|x64.ActiveCfg = Debug|x64
		{BFFDC07E-07AF-414C-8D0B-6C47055DC790}.Debug|x64.Build.0 = Debug|x64
		{BFFDC07E-07AF-414C-8D0B-6C47055DC790}.Debug|x86.ActiveCfg = Debug|Win32
		{BFFDC07E-07AF-414C-8D0B-6C47055DC790}.Debug|x86.Build.0 = Debug|Win32
		{BFFDC07E-07AF-414C-8D0B-6C47055DC790}.Release|x64.ActiveCfg = Release|x64
		{BFFDC07E-07AF-414C-8D0B-6C47055DC790}.Release|x64.Build.0 = Release|x64
		{BFFDC07E-07AF-414C-8D0B-6C47055DC790}.Release|x86.ActiveCfg = Release|Win32
		{BFFDC07E-07AF-414C-8D0B-6C47055DC790}.Release|x86.Build.0 = Release|Win32
	EndGlobalSection
	GlobalSection(SolutionProperties) = preSolution
		HideSolutionNode = FALSE
	EndGlobalSection
	GlobalSection(ExtensibilityGlobals) = postSolution
		SolutionGuid = {ABE76D51-62E0-4383-927F-E3EF4725020B}
	EndGlobalSection
EndGlobal
