
Microsoft Visual Studio Solution File, Format Version 12.00
# Visual Studio Version 17
VisualStudioVersion = 17.3.32825.248
MinimumVisualStudioVersion = 10.0.40219.1
Project("{FAE04EC0-301F-11D3-BF4B-00C04F79EFBC}") = "SimpleFileProg-1", "SimpleFileProg-1\SimpleFileProg-1.csproj", "{476DFC6B-BEBB-488C-97A4-33A680CE4935}"
EndProject
Global
	GlobalSection(SolutionConfigurationPlatforms) = preSolution
		Debug|Any CPU = Debug|Any CPU
		Release|Any CPU = Release|Any CPU
	EndGlobalSection
	GlobalSection(ProjectConfigurationPlatforms) = postSolution
		{476DFC6B-BEBB-488C-97A4-33A680CE4935}.Debug|Any CPU.ActiveCfg = Debug|Any CPU
		{476DFC6B-BEBB-488C-97A4-33A680CE4935}.Debug|Any CPU.Build.0 = Debug|Any CPU
		{476DFC6B-BEBB-488C-97A4-33A680CE4935}.Release|Any CPU.ActiveCfg = Release|Any CPU
		{476DFC6B-BEBB-488C-97A4-33A680CE4935}.Release|Any CPU.Build.0 = Release|Any CPU
	EndGlobalSection
	GlobalSection(SolutionProperties) = preSolution
		HideSolutionNode = FALSE
	EndGlobalSection
	GlobalSection(ExtensibilityGlobals) = postSolution
		SolutionGuid = {A4A63202-C55A-4C5C-BA8E-3F5165570EFD}
	EndGlobalSection
EndGlobal
