
Microsoft Visual Studio Solution File, Format Version 12.00
# Visual Studio Version 16
VisualStudioVersion = 16.0.31613.86
MinimumVisualStudioVersion = 10.0.40219.1
Project("{8BC9CEB8-8B4A-11D0-8D11-00A0C91BC942}") = "Chapter6Question29", "Chapter6Question29\Chapter6Question29.vcxproj", "{314A80A5-E675-4342-8604-E8729AECCD6C}"
EndProject
Global
	GlobalSection(SolutionConfigurationPlatforms) = preSolution
		Debug|x64 = Debug|x64
		Debug|x86 = Debug|x86
		Release|x64 = Release|x64
		Release|x86 = Release|x86
	EndGlobalSection
	GlobalSection(ProjectConfigurationPlatforms) = postSolution
		{314A80A5-E675-4342-8604-E8729AECCD6C}.Debug|x64.ActiveCfg = Debug|x64
		{314A80A5-E675-4342-8604-E8729AECCD6C}.Debug|x64.Build.0 = Debug|x64
		{314A80A5-E675-4342-8604-E8729AECCD6C}.Debug|x86.ActiveCfg = Debug|Win32
		{314A80A5-E675-4342-8604-E8729AECCD6C}.Debug|x86.Build.0 = Debug|Win32
		{314A80A5-E675-4342-8604-E8729AECCD6C}.Release|x64.ActiveCfg = Release|x64
		{314A80A5-E675-4342-8604-E8729AECCD6C}.Release|x64.Build.0 = Release|x64
		{314A80A5-E675-4342-8604-E8729AECCD6C}.Release|x86.ActiveCfg = Release|Win32
		{314A80A5-E675-4342-8604-E8729AECCD6C}.Release|x86.Build.0 = Release|Win32
	EndGlobalSection
	GlobalSection(SolutionProperties) = preSolution
		HideSolutionNode = FALSE
	EndGlobalSection
	GlobalSection(ExtensibilityGlobals) = postSolution
		SolutionGuid = {3FA1D4A9-7EAA-49E4-81AD-BD6566ECD672}
	EndGlobalSection
EndGlobal
