
Microsoft Visual Studio Solution File, Format Version 12.00
# Visual Studio Version 16
VisualStudioVersion = 16.0.31613.86
MinimumVisualStudioVersion = 10.0.40219.1
Project("{8BC9CEB8-8B4A-11D0-8D11-00A0C91BC942}") = "Chapter4Question16", "Chapter4Question16\Chapter4Question16.vcxproj", "{53975C7C-CDA9-4822-8EF3-0BF9A27898B1}"
EndProject
Global
	GlobalSection(SolutionConfigurationPlatforms) = preSolution
		Debug|x64 = Debug|x64
		Debug|x86 = Debug|x86
		Release|x64 = Release|x64
		Release|x86 = Release|x86
	EndGlobalSection
	GlobalSection(ProjectConfigurationPlatforms) = postSolution
		{53975C7C-CDA9-4822-8EF3-0BF9A27898B1}.Debug|x64.ActiveCfg = Debug|x64
		{53975C7C-CDA9-4822-8EF3-0BF9A27898B1}.Debug|x64.Build.0 = Debug|x64
		{53975C7C-CDA9-4822-8EF3-0BF9A27898B1}.Debug|x86.ActiveCfg = Debug|Win32
		{53975C7C-CDA9-4822-8EF3-0BF9A27898B1}.Debug|x86.Build.0 = Debug|Win32
		{53975C7C-CDA9-4822-8EF3-0BF9A27898B1}.Release|x64.ActiveCfg = Release|x64
		{53975C7C-CDA9-4822-8EF3-0BF9A27898B1}.Release|x64.Build.0 = Release|x64
		{53975C7C-CDA9-4822-8EF3-0BF9A27898B1}.Release|x86.ActiveCfg = Release|Win32
		{53975C7C-CDA9-4822-8EF3-0BF9A27898B1}.Release|x86.Build.0 = Release|Win32
	EndGlobalSection
	GlobalSection(SolutionProperties) = preSolution
		HideSolutionNode = FALSE
	EndGlobalSection
	GlobalSection(ExtensibilityGlobals) = postSolution
		SolutionGuid = {53FD049B-CADF-4033-B677-C44E08F78FD5}
	EndGlobalSection
EndGlobal
