
Microsoft Visual Studio Solution File, Format Version 12.00
# Visual Studio Version 17
VisualStudioVersion = 17.1.32228.430
MinimumVisualStudioVersion = 10.0.40219.1
Project("{8BC9CEB8-8B4A-11D0-8D11-00A0C91BC942}") = "Mic1Assembler", "Mic1Assembler\Mic1Assembler.vcxproj", "{5A93ED88-B616-4F29-8079-FFD1A21C1EB7}"
EndProject
Global
	GlobalSection(SolutionConfigurationPlatforms) = preSolution
		Debug|x64 = Debug|x64
		Debug|x86 = Debug|x86
		Old|x64 = Old|x64
		Old|x86 = Old|x86
		Release|x64 = Release|x64
		Release|x86 = Release|x86
	EndGlobalSection
	GlobalSection(ProjectConfigurationPlatforms) = postSolution
		{5A93ED88-B616-4F29-8079-FFD1A21C1EB7}.Debug|x64.ActiveCfg = Debug|x64
		{5A93ED88-B616-4F29-8079-FFD1A21C1EB7}.Debug|x64.Build.0 = Debug|x64
		{5A93ED88-B616-4F29-8079-FFD1A21C1EB7}.Debug|x86.ActiveCfg = Debug|Win32
		{5A93ED88-B616-4F29-8079-FFD1A21C1EB7}.Debug|x86.Build.0 = Debug|Win32
		{5A93ED88-B616-4F29-8079-FFD1A21C1EB7}.Old|x64.ActiveCfg = Old|x64
		{5A93ED88-B616-4F29-8079-FFD1A21C1EB7}.Old|x64.Build.0 = Old|x64
		{5A93ED88-B616-4F29-8079-FFD1A21C1EB7}.Old|x86.ActiveCfg = Old|Win32
		{5A93ED88-B616-4F29-8079-FFD1A21C1EB7}.Old|x86.Build.0 = Old|Win32
		{5A93ED88-B616-4F29-8079-FFD1A21C1EB7}.Release|x64.ActiveCfg = Release|x64
		{5A93ED88-B616-4F29-8079-FFD1A21C1EB7}.Release|x64.Build.0 = Release|x64
		{5A93ED88-B616-4F29-8079-FFD1A21C1EB7}.Release|x86.ActiveCfg = Release|Win32
		{5A93ED88-B616-4F29-8079-FFD1A21C1EB7}.Release|x86.Build.0 = Release|Win32
	EndGlobalSection
	GlobalSection(SolutionProperties) = preSolution
		HideSolutionNode = FALSE
	EndGlobalSection
	GlobalSection(ExtensibilityGlobals) = postSolution
		SolutionGuid = {D6F2A8B9-D0DF-4DE8-9642-AEE0B2FF3FD6}
	EndGlobalSection
EndGlobal
