
Microsoft Visual Studio Solution File, Format Version 12.00
# Visual Studio Version 16
VisualStudioVersion = 16.0.31729.503
MinimumVisualStudioVersion = 10.0.40219.1
Project("{8BC9CEB8-8B4A-11D0-8D11-00A0C91BC942}") = "Chapter17Question21", "Chapter17Question21\Chapter17Question21.vcxproj", "{D64E394F-F604-42F8-88C2-0F7320D51BBB}"
EndProject
Global
	GlobalSection(SolutionConfigurationPlatforms) = preSolution
		Debug|x64 = Debug|x64
		Debug|x86 = Debug|x86
		Release|x64 = Release|x64
		Release|x86 = Release|x86
	EndGlobalSection
	GlobalSection(ProjectConfigurationPlatforms) = postSolution
		{D64E394F-F604-42F8-88C2-0F7320D51BBB}.Debug|x64.ActiveCfg = Debug|x64
		{D64E394F-F604-42F8-88C2-0F7320D51BBB}.Debug|x64.Build.0 = Debug|x64
		{D64E394F-F604-42F8-88C2-0F7320D51BBB}.Debug|x86.ActiveCfg = Debug|Win32
		{D64E394F-F604-42F8-88C2-0F7320D51BBB}.Debug|x86.Build.0 = Debug|Win32
		{D64E394F-F604-42F8-88C2-0F7320D51BBB}.Release|x64.ActiveCfg = Release|x64
		{D64E394F-F604-42F8-88C2-0F7320D51BBB}.Release|x64.Build.0 = Release|x64
		{D64E394F-F604-42F8-88C2-0F7320D51BBB}.Release|x86.ActiveCfg = Release|Win32
		{D64E394F-F604-42F8-88C2-0F7320D51BBB}.Release|x86.Build.0 = Release|Win32
	EndGlobalSection
	GlobalSection(SolutionProperties) = preSolution
		HideSolutionNode = FALSE
	EndGlobalSection
	GlobalSection(ExtensibilityGlobals) = postSolution
		SolutionGuid = {69617C24-DC99-4E1B-82C3-2EED332FC2CA}
	EndGlobalSection
EndGlobal
